// !$*UTF8*$!
{
	archiveVersion = 1;
	classes = {
	};
	objectVersion = 51;
	objects = {

/* Begin PBXBuildFile section */
		7E8E1A073AA1324BE2F64352 /* Pods_myFirstApp.framework in Frameworks */ = {isa = PBXBuildFile; fileRef = 09841DB6A8FCE975ECDAEED5 /* Pods_myFirstApp.framework */; };
		F1412D1D25BAAEAB002E6FC2 /* CalendarViewController.swift in Sources */ = {isa = PBXBuildFile; fileRef = F1412D1C25BAAEAB002E6FC2 /* CalendarViewController.swift */; };
		F1412D2A25BFECFE002E6FC2 /* HomeViewController.swift in Sources */ = {isa = PBXBuildFile; fileRef = F1412D2925BFECFE002E6FC2 /* HomeViewController.swift */; };
		F1412D2E25C2D24C002E6FC2 /* WishListViewController.swift in Sources */ = {isa = PBXBuildFile; fileRef = F1412D2D25C2D24B002E6FC2 /* WishListViewController.swift */; };
		F1412D3625C7E81D002E6FC2 /* Weather.swift in Sources */ = {isa = PBXBuildFile; fileRef = F1412D3525C7E81C002E6FC2 /* Weather.swift */; };
		F1412D3C25CBC963002E6FC2 /* WeatherService.swift in Sources */ = {isa = PBXBuildFile; fileRef = F1412D3B25CBC963002E6FC2 /* WeatherService.swift */; };
		F145B4CB25B9DC25001375A1 /* BottomNavigationBar.swift in Sources */ = {isa = PBXBuildFile; fileRef = F145B4CA25B9DC25001375A1 /* BottomNavigationBar.swift */; };
		F15E41D725B833AA00248BD5 /* AppDelegate.swift in Sources */ = {isa = PBXBuildFile; fileRef = F15E41D625B833AA00248BD5 /* AppDelegate.swift */; };
		F15E41D925B833AA00248BD5 /* SceneDelegate.swift in Sources */ = {isa = PBXBuildFile; fileRef = F15E41D825B833AA00248BD5 /* SceneDelegate.swift */; };
		F15E41E025B833AD00248BD5 /* Assets.xcassets in Resources */ = {isa = PBXBuildFile; fileRef = F15E41DF25B833AD00248BD5 /* Assets.xcassets */; };
		F15E41E325B833AD00248BD5 /* LaunchScreen.storyboard in Resources */ = {isa = PBXBuildFile; fileRef = F15E41E125B833AD00248BD5 /* LaunchScreen.storyboard */; };
		F16A10A825CBD46C001EB4E9 /* WeatherView.swift in Sources */ = {isa = PBXBuildFile; fileRef = F16A10A725CBD46C001EB4E9 /* WeatherView.swift */; };
		F1854CF725E66B5B009B42AC /* ListViewController.swift in Sources */ = {isa = PBXBuildFile; fileRef = F1854CF625E66B5B009B42AC /* ListViewController.swift */; };
		F1854CFB25EC7037009B42AC /* GoogleService-Info.plist in Resources */ = {isa = PBXBuildFile; fileRef = F1854CFA25EC7036009B42AC /* GoogleService-Info.plist */; };
		F1854D3F25EC78A6009B42AC /* AddListViewController.swift in Sources */ = {isa = PBXBuildFile; fileRef = F1854D3E25EC78A6009B42AC /* AddListViewController.swift */; };
		F1854D4225EF476C009B42AC /* ListCell.swift in Sources */ = {isa = PBXBuildFile; fileRef = F1854D4125EF476C009B42AC /* ListCell.swift */; };
		F1854D4525EF7C7D009B42AC /* WeatherViewController.swift in Sources */ = {isa = PBXBuildFile; fileRef = F1854D4425EF7C7D009B42AC /* WeatherViewController.swift */; };
		F1854D4925EF8CA8009B42AC /* AnniversaryViewController.swift in Sources */ = {isa = PBXBuildFile; fileRef = F1854D4825EF8CA8009B42AC /* AnniversaryViewController.swift */; };
/* End PBXBuildFile section */

/* Begin PBXFileReference section */
		09841DB6A8FCE975ECDAEED5 /* Pods_myFirstApp.framework */ = {isa = PBXFileReference; explicitFileType = wrapper.framework; includeInIndex = 0; path = Pods_myFirstApp.framework; sourceTree = BUILT_PRODUCTS_DIR; };
		9A419815A9D061D056FB8D0E /* Pods-myFirstApp.debug.xcconfig */ = {isa = PBXFileReference; includeInIndex = 1; lastKnownFileType = text.xcconfig; name = "Pods-myFirstApp.debug.xcconfig"; path = "Target Support Files/Pods-myFirstApp/Pods-myFirstApp.debug.xcconfig"; sourceTree = "<group>"; };
		B96A28BA5AA5C438DA2A22F1 /* Pods-myFirstApp.release.xcconfig */ = {isa = PBXFileReference; includeInIndex = 1; lastKnownFileType = text.xcconfig; name = "Pods-myFirstApp.release.xcconfig"; path = "Target Support Files/Pods-myFirstApp/Pods-myFirstApp.release.xcconfig"; sourceTree = "<group>"; };
		F1412D1C25BAAEAB002E6FC2 /* CalendarViewController.swift */ = {isa = PBXFileReference; lastKnownFileType = sourcecode.swift; path = CalendarViewController.swift; sourceTree = "<group>"; };
		F1412D2925BFECFE002E6FC2 /* HomeViewController.swift */ = {isa = PBXFileReference; lastKnownFileType = sourcecode.swift; path = HomeViewController.swift; sourceTree = "<group>"; };
		F1412D2D25C2D24B002E6FC2 /* WishListViewController.swift */ = {isa = PBXFileReference; lastKnownFileType = sourcecode.swift; path = WishListViewController.swift; sourceTree = "<group>"; };
		F1412D3525C7E81C002E6FC2 /* Weather.swift */ = {isa = PBXFileReference; lastKnownFileType = sourcecode.swift; path = Weather.swift; sourceTree = "<group>"; };
		F1412D3B25CBC963002E6FC2 /* WeatherService.swift */ = {isa = PBXFileReference; lastKnownFileType = sourcecode.swift; path = WeatherService.swift; sourceTree = "<group>"; };
		F145B4CA25B9DC25001375A1 /* BottomNavigationBar.swift */ = {isa = PBXFileReference; lastKnownFileType = sourcecode.swift; path = BottomNavigationBar.swift; sourceTree = "<group>"; };
		F15E41D325B833AA00248BD5 /* myFirstApp.app */ = {isa = PBXFileReference; explicitFileType = wrapper.application; includeInIndex = 0; path = myFirstApp.app; sourceTree = BUILT_PRODUCTS_DIR; };
		F15E41D625B833AA00248BD5 /* AppDelegate.swift */ = {isa = PBXFileReference; lastKnownFileType = sourcecode.swift; path = AppDelegate.swift; sourceTree = "<group>"; };
		F15E41D825B833AA00248BD5 /* SceneDelegate.swift */ = {isa = PBXFileReference; lastKnownFileType = sourcecode.swift; path = SceneDelegate.swift; sourceTree = "<group>"; };
		F15E41DF25B833AD00248BD5 /* Assets.xcassets */ = {isa = PBXFileReference; lastKnownFileType = folder.assetcatalog; path = Assets.xcassets; sourceTree = "<group>"; };
		F15E41E225B833AD00248BD5 /* Base */ = {isa = PBXFileReference; lastKnownFileType = file.storyboard; name = Base; path = Base.lproj/LaunchScreen.storyboard; sourceTree = "<group>"; };
		F15E41E425B833AD00248BD5 /* Info.plist */ = {isa = PBXFileReference; lastKnownFileType = text.plist.xml; path = Info.plist; sourceTree = "<group>"; };
		F16A10A725CBD46C001EB4E9 /* WeatherView.swift */ = {isa = PBXFileReference; lastKnownFileType = sourcecode.swift; path = WeatherView.swift; sourceTree = "<group>"; };
		F1854CF625E66B5B009B42AC /* ListViewController.swift */ = {isa = PBXFileReference; lastKnownFileType = sourcecode.swift; path = ListViewController.swift; sourceTree = "<group>"; };
		F1854CFA25EC7036009B42AC /* GoogleService-Info.plist */ = {isa = PBXFileReference; fileEncoding = 4; lastKnownFileType = text.plist.xml; path = "GoogleService-Info.plist"; sourceTree = "<group>"; };
		F1854D3E25EC78A6009B42AC /* AddListViewController.swift */ = {isa = PBXFileReference; lastKnownFileType = sourcecode.swift; path = AddListViewController.swift; sourceTree = "<group>"; };
		F1854D4125EF476C009B42AC /* ListCell.swift */ = {isa = PBXFileReference; lastKnownFileType = sourcecode.swift; path = ListCell.swift; sourceTree = "<group>"; };
		F1854D4425EF7C7D009B42AC /* WeatherViewController.swift */ = {isa = PBXFileReference; lastKnownFileType = sourcecode.swift; path = WeatherViewController.swift; sourceTree = "<group>"; };
		F1854D4825EF8CA8009B42AC /* AnniversaryViewController.swift */ = {isa = PBXFileReference; lastKnownFileType = sourcecode.swift; path = AnniversaryViewController.swift; sourceTree = "<group>"; };
/* End PBXFileReference section */

/* Begin PBXFrameworksBuildPhase section */
		F15E41D025B833AA00248BD5 /* Frameworks */ = {
			isa = PBXFrameworksBuildPhase;
			buildActionMask = 2147483647;
			files = (
				7E8E1A073AA1324BE2F64352 /* Pods_myFirstApp.framework in Frameworks */,
			);
			runOnlyForDeploymentPostprocessing = 0;
		};
/* End PBXFrameworksBuildPhase section */

/* Begin PBXGroup section */
		3CF1A90BA981D743B648EF1D /* Pods */ = {
			isa = PBXGroup;
			children = (
				9A419815A9D061D056FB8D0E /* Pods-myFirstApp.debug.xcconfig */,
				B96A28BA5AA5C438DA2A22F1 /* Pods-myFirstApp.release.xcconfig */,
			);
			path = Pods;
			sourceTree = "<group>";
		};
		978FCA34C6F0D92009E5A255 /* Frameworks */ = {
			isa = PBXGroup;
			children = (
				09841DB6A8FCE975ECDAEED5 /* Pods_myFirstApp.framework */,
			);
			name = Frameworks;
			sourceTree = "<group>";
		};
		F1412D3425C7E7F1002E6FC2 /* Model */ = {
			isa = PBXGroup;
			children = (
				F1412D3525C7E81C002E6FC2 /* Weather.swift */,
			);
			path = Model;
			sourceTree = "<group>";
		};
		F1412D3925CBC6CB002E6FC2 /* Service */ = {
			isa = PBXGroup;
			children = (
				F1412D3B25CBC963002E6FC2 /* WeatherService.swift */,
			);
			path = Service;
			sourceTree = "<group>";
		};
		F15E41CA25B833AA00248BD5 = {
			isa = PBXGroup;
			children = (
				F16A10A625CBD45A001EB4E9 /* View */,
				F1412D3925CBC6CB002E6FC2 /* Service */,
				F1412D3425C7E7F1002E6FC2 /* Model */,
				F15E41D525B833AA00248BD5 /* myFirstApp */,
				F15E41D425B833AA00248BD5 /* Products */,
				3CF1A90BA981D743B648EF1D /* Pods */,
				978FCA34C6F0D92009E5A255 /* Frameworks */,
			);
			sourceTree = "<group>";
		};
		F15E41D425B833AA00248BD5 /* Products */ = {
			isa = PBXGroup;
			children = (
				F15E41D325B833AA00248BD5 /* myFirstApp.app */,
			);
			name = Products;
			sourceTree = "<group>";
		};
		F15E41D525B833AA00248BD5 /* myFirstApp */ = {
			isa = PBXGroup;
			children = (
				F15E41D625B833AA00248BD5 /* AppDelegate.swift */,
				F15E41D825B833AA00248BD5 /* SceneDelegate.swift */,
				F15E41DF25B833AD00248BD5 /* Assets.xcassets */,
				F15E41E125B833AD00248BD5 /* LaunchScreen.storyboard */,
				F15E41E425B833AD00248BD5 /* Info.plist */,
				F1854CFA25EC7036009B42AC /* GoogleService-Info.plist */,
				F145B4CA25B9DC25001375A1 /* BottomNavigationBar.swift */,
				F1412D2925BFECFE002E6FC2 /* HomeViewController.swift */,
				F1412D1C25BAAEAB002E6FC2 /* CalendarViewController.swift */,
				F1412D2D25C2D24B002E6FC2 /* WishListViewController.swift */,
				F1854CF625E66B5B009B42AC /* ListViewController.swift */,
				F1854D3E25EC78A6009B42AC /* AddListViewController.swift */,
				F1854D4125EF476C009B42AC /* ListCell.swift */,
				F1854D4425EF7C7D009B42AC /* WeatherViewController.swift */,
				F1854D4825EF8CA8009B42AC /* AnniversaryViewController.swift */,
			);
			path = myFirstApp;
			sourceTree = "<group>";
		};
		F16A10A625CBD45A001EB4E9 /* View */ = {
			isa = PBXGroup;
			children = (
				F16A10A725CBD46C001EB4E9 /* WeatherView.swift */,
			);
			path = View;
			sourceTree = "<group>";
		};
/* End PBXGroup section */

/* Begin PBXNativeTarget section */
		F15E41D225B833AA00248BD5 /* myFirstApp */ = {
			isa = PBXNativeTarget;
			buildConfigurationList = F15E41E725B833AD00248BD5 /* Build configuration list for PBXNativeTarget "myFirstApp" */;
			buildPhases = (
				A0BFA3A27ED602B3AFDC5FC4 /* [CP] Check Pods Manifest.lock */,
				F15E41CF25B833AA00248BD5 /* Sources */,
				F15E41D025B833AA00248BD5 /* Frameworks */,
				F15E41D125B833AA00248BD5 /* Resources */,
				05F81C5A689DB7FD6A00C52C /* [CP] Embed Pods Frameworks */,
			);
			buildRules = (
			);
			dependencies = (
			);
			name = myFirstApp;
			productName = myFirstApp;
			productReference = F15E41D325B833AA00248BD5 /* myFirstApp.app */;
			productType = "com.apple.product-type.application";
		};
/* End PBXNativeTarget section */

/* Begin PBXProject section */
		F15E41CB25B833AA00248BD5 /* Project object */ = {
			isa = PBXProject;
			attributes = {
				LastSwiftUpdateCheck = 1220;
				LastUpgradeCheck = 1220;
				TargetAttributes = {
					F15E41D225B833AA00248BD5 = {
						CreatedOnToolsVersion = 12.2;
					};
				};
			};
			buildConfigurationList = F15E41CE25B833AA00248BD5 /* Build configuration list for PBXProject "myFirstApp" */;
			compatibilityVersion = "Xcode 9.3";
			developmentRegion = en;
			hasScannedForEncodings = 0;
			knownRegions = (
				en,
				Base,
			);
			mainGroup = F15E41CA25B833AA00248BD5;
			productRefGroup = F15E41D425B833AA00248BD5 /* Products */;
			projectDirPath = "";
			projectRoot = "";
			targets = (
				F15E41D225B833AA00248BD5 /* myFirstApp */,
			);
		};
/* End PBXProject section */

/* Begin PBXResourcesBuildPhase section */
		F15E41D125B833AA00248BD5 /* Resources */ = {
			isa = PBXResourcesBuildPhase;
			buildActionMask = 2147483647;
			files = (
				F15E41E325B833AD00248BD5 /* LaunchScreen.storyboard in Resources */,
				F15E41E025B833AD00248BD5 /* Assets.xcassets in Resources */,
				F1854CFB25EC7037009B42AC /* GoogleService-Info.plist in Resources */,
			);
			runOnlyForDeploymentPostprocessing = 0;
		};
/* End PBXResourcesBuildPhase section */

/* Begin PBXShellScriptBuildPhase section */
		05F81C5A689DB7FD6A00C52C /* [CP] Embed Pods Frameworks */ = {
			isa = PBXShellScriptBuildPhase;
			buildActionMask = 2147483647;
			files = (
			);
			inputFileListPaths = (
				"${PODS_ROOT}/Target Support Files/Pods-myFirstApp/Pods-myFirstApp-frameworks-${CONFIGURATION}-input-files.xcfilelist",
			);
			name = "[CP] Embed Pods Frameworks";
			outputFileListPaths = (
				"${PODS_ROOT}/Target Support Files/Pods-myFirstApp/Pods-myFirstApp-frameworks-${CONFIGURATION}-output-files.xcfilelist",
			);
			runOnlyForDeploymentPostprocessing = 0;
			shellPath = /bin/sh;
			shellScript = "\"${PODS_ROOT}/Target Support Files/Pods-myFirstApp/Pods-myFirstApp-frameworks.sh\"\n";
			showEnvVarsInLog = 0;
		};
		A0BFA3A27ED602B3AFDC5FC4 /* [CP] Check Pods Manifest.lock */ = {
			isa = PBXShellScriptBuildPhase;
			buildActionMask = 2147483647;
			files = (
			);
			inputFileListPaths = (
			);
			inputPaths = (
				"${PODS_PODFILE_DIR_PATH}/Podfile.lock",
				"${PODS_ROOT}/Manifest.lock",
			);
			name = "[CP] Check Pods Manifest.lock";
			outputFileListPaths = (
			);
			outputPaths = (
				"$(DERIVED_FILE_DIR)/Pods-myFirstApp-checkManifestLockResult.txt",
			);
			runOnlyForDeploymentPostprocessing = 0;
			shellPath = /bin/sh;
			shellScript = "diff \"${PODS_PODFILE_DIR_PATH}/Podfile.lock\" \"${PODS_ROOT}/Manifest.lock\" > /dev/null\nif [ $? != 0 ] ; then\n    # print error to STDERR\n    echo \"error: The sandbox is not in sync with the Podfile.lock. Run 'pod install' or update your CocoaPods installation.\" >&2\n    exit 1\nfi\n# This output is used by Xcode 'outputs' to avoid re-running this script phase.\necho \"SUCCESS\" > \"${SCRIPT_OUTPUT_FILE_0}\"\n";
			showEnvVarsInLog = 0;
		};
/* End PBXShellScriptBuildPhase section */

/* Begin PBXSourcesBuildPhase section */
		F15E41CF25B833AA00248BD5 /* Sources */ = {
			isa = PBXSourcesBuildPhase;
			buildActionMask = 2147483647;
			files = (
				F1412D3C25CBC963002E6FC2 /* WeatherService.swift in Sources */,
				F1412D2A25BFECFE002E6FC2 /* HomeViewController.swift in Sources */,
				F1412D1D25BAAEAB002E6FC2 /* CalendarViewController.swift in Sources */,
				F1854D3F25EC78A6009B42AC /* AddListViewController.swift in Sources */,
				F1854D4525EF7C7D009B42AC /* WeatherViewController.swift in Sources */,
				F15E41D725B833AA00248BD5 /* AppDelegate.swift in Sources */,
				F145B4CB25B9DC25001375A1 /* BottomNavigationBar.swift in Sources */,
				F15E41D925B833AA00248BD5 /* SceneDelegate.swift in Sources */,
				F1854CF725E66B5B009B42AC /* ListViewController.swift in Sources */,
				F1854D4925EF8CA8009B42AC /* AnniversaryViewController.swift in Sources */,
				F16A10A825CBD46C001EB4E9 /* WeatherView.swift in Sources */,
				F1854D4225EF476C009B42AC /* ListCell.swift in Sources */,
				F1412D2E25C2D24C002E6FC2 /* WishListViewController.swift in Sources */,
				F1412D3625C7E81D002E6FC2 /* Weather.swift in Sources */,
			);
			runOnlyForDeploymentPostprocessing = 0;
		};
/* End PBXSourcesBuildPhase section */

/* Begin PBXVariantGroup section */
		F15E41E125B833AD00248BD5 /* LaunchScreen.storyboard */ = {
			isa = PBXVariantGroup;
			children = (
				F15E41E225B833AD00248BD5 /* Base */,
			);
			name = LaunchScreen.storyboard;
			sourceTree = "<group>";
		};
/* End PBXVariantGroup section */

/* Begin XCBuildConfiguration section */
		F15E41E525B833AD00248BD5 /* Debug */ = {
			isa = XCBuildConfiguration;
			buildSettings = {
				ALWAYS_SEARCH_USER_PATHS = NO;
				CLANG_ANALYZER_NONNULL = YES;
				CLANG_ANALYZER_NUMBER_OBJECT_CONVERSION = YES_AGGRESSIVE;
				CLANG_CXX_LANGUAGE_STANDARD = "gnu++14";
				CLANG_CXX_LIBRARY = "libc++";
				CLANG_ENABLE_MODULES = YES;
				CLANG_ENABLE_OBJC_ARC = YES;
				CLANG_ENABLE_OBJC_WEAK = YES;
				CLANG_WARN_BLOCK_CAPTURE_AUTORELEASING = YES;
				CLANG_WARN_BOOL_CONVERSION = YES;
				CLANG_WARN_COMMA = YES;
				CLANG_WARN_CONSTANT_CONVERSION = YES;
				CLANG_WARN_DEPRECATED_OBJC_IMPLEMENTATIONS = YES;
				CLANG_WARN_DIRECT_OBJC_ISA_USAGE = YES_ERROR;
				CLANG_WARN_DOCUMENTATION_COMMENTS = YES;
				CLANG_WARN_EMPTY_BODY = YES;
				CLANG_WARN_ENUM_CONVERSION = YES;
				CLANG_WARN_INFINITE_RECURSION = YES;
				CLANG_WARN_INT_CONVERSION = YES;
				CLANG_WARN_NON_LITERAL_NULL_CONVERSION = YES;
				CLANG_WARN_OBJC_IMPLICIT_RETAIN_SELF = YES;
				CLANG_WARN_OBJC_LITERAL_CONVERSION = YES;
				CLANG_WARN_OBJC_ROOT_CLASS = YES_ERROR;
				CLANG_WARN_QUOTED_INCLUDE_IN_FRAMEWORK_HEADER = YES;
				CLANG_WARN_RANGE_LOOP_ANALYSIS = YES;
				CLANG_WARN_STRICT_PROTOTYPES = YES;
				CLANG_WARN_SUSPICIOUS_MOVE = YES;
				CLANG_WARN_UNGUARDED_AVAILABILITY = YES_AGGRESSIVE;
				CLANG_WARN_UNREACHABLE_CODE = YES;
				CLANG_WARN__DUPLICATE_METHOD_MATCH = YES;
				COPY_PHASE_STRIP = NO;
				DEBUG_INFORMATION_FORMAT = dwarf;
				ENABLE_STRICT_OBJC_MSGSEND = YES;
				ENABLE_TESTABILITY = YES;
				GCC_C_LANGUAGE_STANDARD = gnu11;
				GCC_DYNAMIC_NO_PIC = NO;
				GCC_NO_COMMON_BLOCKS = YES;
				GCC_OPTIMIZATION_LEVEL = 0;
				GCC_PREPROCESSOR_DEFINITIONS = (
					"DEBUG=1",
					"$(inherited)",
				);
				GCC_WARN_64_TO_32_BIT_CONVERSION = YES;
				GCC_WARN_ABOUT_RETURN_TYPE = YES_ERROR;
				GCC_WARN_UNDECLARED_SELECTOR = YES;
				GCC_WARN_UNINITIALIZED_AUTOS = YES_AGGRESSIVE;
				GCC_WARN_UNUSED_FUNCTION = YES;
				GCC_WARN_UNUSED_VARIABLE = YES;
				IPHONEOS_DEPLOYMENT_TARGET = 14.2;
				MTL_ENABLE_DEBUG_INFO = INCLUDE_SOURCE;
				MTL_FAST_MATH = YES;
				ONLY_ACTIVE_ARCH = YES;
				SDKROOT = iphoneos;
				SWIFT_ACTIVE_COMPILATION_CONDITIONS = DEBUG;
				SWIFT_OPTIMIZATION_LEVEL = "-Onone";
			};
			name = Debug;
		};
		F15E41E625B833AD00248BD5 /* Release */ = {
			isa = XCBuildConfiguration;
			buildSettings = {
				ALWAYS_SEARCH_USER_PATHS = NO;
				CLANG_ANALYZER_NONNULL = YES;
				CLANG_ANALYZER_NUMBER_OBJECT_CONVERSION = YES_AGGRESSIVE;
				CLANG_CXX_LANGUAGE_STANDARD = "gnu++14";
				CLANG_CXX_LIBRARY = "libc++";
				CLANG_ENABLE_MODULES = YES;
				CLANG_ENABLE_OBJC_ARC = YES;
				CLANG_ENABLE_OBJC_WEAK = YES;
				CLANG_WARN_BLOCK_CAPTURE_AUTORELEASING = YES;
				CLANG_WARN_BOOL_CONVERSION = YES;
				CLANG_WARN_COMMA = YES;
				CLANG_WARN_CONSTANT_CONVERSION = YES;
				CLANG_WARN_DEPRECATED_OBJC_IMPLEMENTATIONS = YES;
				CLANG_WARN_DIRECT_OBJC_ISA_USAGE = YES_ERROR;
				CLANG_WARN_DOCUMENTATION_COMMENTS = YES;
				CLANG_WARN_EMPTY_BODY = YES;
				CLANG_WARN_ENUM_CONVERSION = YES;
				CLANG_WARN_INFINITE_RECURSION = YES;
				CLANG_WARN_INT_CONVERSION = YES;
				CLANG_WARN_NON_LITERAL_NULL_CONVERSION = YES;
				CLANG_WARN_OBJC_IMPLICIT_RETAIN_SELF = YES;
				CLANG_WARN_OBJC_LITERAL_CONVERSION = YES;
				CLANG_WARN_OBJC_ROOT_CLASS = YES_ERROR;
				CLANG_WARN_QUOTED_INCLUDE_IN_FRAMEWORK_HEADER = YES;
				CLANG_WARN_RANGE_LOOP_ANALYSIS = YES;
				CLANG_WARN_STRICT_PROTOTYPES = YES;
				CLANG_WARN_SUSPICIOUS_MOVE = YES;
				CLANG_WARN_UNGUARDED_AVAILABILITY = YES_AGGRESSIVE;
				CLANG_WARN_UNREACHABLE_CODE = YES;
				CLANG_WARN__DUPLICATE_METHOD_MATCH = YES;
				COPY_PHASE_STRIP = NO;
				DEBUG_INFORMATION_FORMAT = "dwarf-with-dsym";
				ENABLE_NS_ASSERTIONS = NO;
				ENABLE_STRICT_OBJC_MSGSEND = YES;
				GCC_C_LANGUAGE_STANDARD = gnu11;
				GCC_NO_COMMON_BLOCKS = YES;
				GCC_WARN_64_TO_32_BIT_CONVERSION = YES;
				GCC_WARN_ABOUT_RETURN_TYPE = YES_ERROR;
				GCC_WARN_UNDECLARED_SELECTOR = YES;
				GCC_WARN_UNINITIALIZED_AUTOS = YES_AGGRESSIVE;
				GCC_WARN_UNUSED_FUNCTION = YES;
				GCC_WARN_UNUSED_VARIABLE = YES;
				IPHONEOS_DEPLOYMENT_TARGET = 14.2;
				MTL_ENABLE_DEBUG_INFO = NO;
				MTL_FAST_MATH = YES;
				SDKROOT = iphoneos;
				SWIFT_COMPILATION_MODE = wholemodule;
				SWIFT_OPTIMIZATION_LEVEL = "-O";
				VALIDATE_PRODUCT = YES;
			};
			name = Release;
		};
		F15E41E825B833AD00248BD5 /* Debug */ = {
			isa = XCBuildConfiguration;
			baseConfigurationReference = 9A419815A9D061D056FB8D0E /* Pods-myFirstApp.debug.xcconfig */;
			buildSettings = {
				ASSETCATALOG_COMPILER_APPICON_NAME = AppIcon;
				ASSETCATALOG_COMPILER_GLOBAL_ACCENT_COLOR_NAME = AccentColor;
				CODE_SIGN_STYLE = Automatic;
				DEVELOPMENT_TEAM = QAT46LHJF5;
				INFOPLIST_FILE = myFirstApp/Info.plist;
				IPHONEOS_DEPLOYMENT_TARGET = 13.0;
				LD_RUNPATH_SEARCH_PATHS = (
					"$(inherited)",
					"@executable_path/Frameworks",
				);
				PRODUCT_BUNDLE_IDENTIFIER = my.first.app;
				PRODUCT_NAME = "$(TARGET_NAME)";
				SWIFT_VERSION = 5.0;
				TARGETED_DEVICE_FAMILY = "1,2";
			};
			name = Debug;
		};
		F15E41E925B833AD00248BD5 /* Release */ = {
			isa = XCBuildConfiguration;
			baseConfigurationReference = B96A28BA5AA5C438DA2A22F1 /* Pods-myFirstApp.release.xcconfig */;
			buildSettings = {
				ASSETCATALOG_COMPILER_APPICON_NAME = AppIcon;
				ASSETCATALOG_COMPILER_GLOBAL_ACCENT_COLOR_NAME = AccentColor;
				CODE_SIGN_STYLE = Automatic;
				DEVELOPMENT_TEAM = QAT46LHJF5;
				INFOPLIST_FILE = myFirstApp/Info.plist;
				IPHONEOS_DEPLOYMENT_TARGET = 13.0;
				LD_RUNPATH_SEARCH_PATHS = (
					"$(inherited)",
					"@executable_path/Frameworks",
				);
				PRODUCT_BUNDLE_IDENTIFIER = my.first.app;
				PRODUCT_NAME = "$(TARGET_NAME)";
				SWIFT_VERSION = 5.0;
				TARGETED_DEVICE_FAMILY = "1,2";
			};
			name = Release;
		};
/* End XCBuildConfiguration section */

/* Begin XCConfigurationList section */
		F15E41CE25B833AA00248BD5 /* Build configuration list for PBXProject "myFirstApp" */ = {
			isa = XCConfigurationList;
			buildConfigurations = (
				F15E41E525B833AD00248BD5 /* Debug */,
				F15E41E625B833AD00248BD5 /* Release */,
			);
			defaultConfigurationIsVisible = 0;
			defaultConfigurationName = Release;
		};
		F15E41E725B833AD00248BD5 /* Build configuration list for PBXNativeTarget "myFirstApp" */ = {
			isa = XCConfigurationList;
			buildConfigurations = (
				F15E41E825B833AD00248BD5 /* Debug */,
				F15E41E925B833AD00248BD5 /* Release */,
			);
			defaultConfigurationIsVisible = 0;
			defaultConfigurationName = Release;
		};
/* End XCConfigurationList section */
	};
	rootObject = F15E41CB25B833AA00248BD5 /* Project object */;
}
